
Microsoft Visual Studio Solution File, Format Version 12.00
# Visual Studio Version 17
VisualStudioVersion = 17.3.32811.315
MinimumVisualStudioVersion = 10.0.40219.1
Project("{2150E333-8FDC-42A3-9474-1A3956D46DE8}") = "Servicios", "Servicios", "{3F75CD44-EE57-4E1E-87B1-A80BED3782B0}"
EndProject
Project("{9A19103F-16F7-4668-BE54-9A1E7A4F7556}") = "Conceptos", "Conceptos\Conceptos.csproj", "{C77C1F99-7765-412D-AA65-2A6C0611096F}"
EndProject
Project("{E53339B2-1760-4266-BCC7-CA923CBCF16C}") = "docker-compose", "docker-compose.dcproj", "{FF8D402A-C9F0-45ED-8E3B-CA5F7965BA07}"
EndProject
Project("{9A19103F-16F7-4668-BE54-9A1E7A4F7556}") = "Trabajadores", "Trabajadores\Trabajadores.csproj", "{FB6F2F56-F49F-44D6-8FFD-27D43E70ED00}"
EndProject
Project("{2150E333-8FDC-42A3-9474-1A3956D46DE8}") = "Orquestador", "Orquestador", "{5B859B06-A656-4C7D-A9C6-6AF8F6EA135C}"
EndProject
Project("{9A19103F-16F7-4668-BE54-9A1E7A4F7556}") = "ApiGateway", "ApiGateway\ApiGateway.csproj", "{39BB5132-C1AB-4D64-AC58-31A72E40CDA0}"
EndProject
Project("{FAE04EC0-301F-11D3-BF4B-00C04F79EFBC}") = "AuthenticacionManger", "AuthenticacionManger\AuthenticacionManger.csproj", "{AF8B2AA6-744F-47CC-81C9-3B6159161F4E}"
EndProject
Global
	GlobalSection(SolutionConfigurationPlatforms) = preSolution
		Debug|Any CPU = Debug|Any CPU
		Release|Any CPU = Release|Any CPU
	EndGlobalSection
	GlobalSection(ProjectConfigurationPlatforms) = postSolution
		{C77C1F99-7765-412D-AA65-2A6C0611096F}.Debug|Any CPU.ActiveCfg = Debug|Any CPU
		{C77C1F99-7765-412D-AA65-2A6C0611096F}.Debug|Any CPU.Build.0 = Debug|Any CPU
		{C77C1F99-7765-412D-AA65-2A6C0611096F}.Release|Any CPU.ActiveCfg = Release|Any CPU
		{C77C1F99-7765-412D-AA65-2A6C0611096F}.Release|Any CPU.Build.0 = Release|Any CPU
		{FF8D402A-C9F0-45ED-8E3B-CA5F7965BA07}.Debug|Any CPU.ActiveCfg = Debug|Any CPU
		{FF8D402A-C9F0-45ED-8E3B-CA5F7965BA07}.Debug|Any CPU.Build.0 = Debug|Any CPU
		{FF8D402A-C9F0-45ED-8E3B-CA5F7965BA07}.Release|Any CPU.ActiveCfg = Release|Any CPU
		{FF8D402A-C9F0-45ED-8E3B-CA5F7965BA07}.Release|Any CPU.Build.0 = Release|Any CPU
		{FB6F2F56-F49F-44D6-8FFD-27D43E70ED00}.Debug|Any CPU.ActiveCfg = Debug|Any CPU
		{FB6F2F56-F49F-44D6-8FFD-27D43E70ED00}.Debug|Any CPU.Build.0 = Debug|Any CPU
		{FB6F2F56-F49F-44D6-8FFD-27D43E70ED00}.Release|Any CPU.ActiveCfg = Release|Any CPU
		{FB6F2F56-F49F-44D6-8FFD-27D43E70ED00}.Release|Any CPU.Build.0 = Release|Any CPU
		{39BB5132-C1AB-4D64-AC58-31A72E40CDA0}.Debug|Any CPU.ActiveCfg = Debug|Any CPU
		{39BB5132-C1AB-4D64-AC58-31A72E40CDA0}.Debug|Any CPU.Build.0 = Debug|Any CPU
		{39BB5132-C1AB-4D64-AC58-31A72E40CDA0}.Release|Any CPU.ActiveCfg = Release|Any CPU
		{39BB5132-C1AB-4D64-AC58-31A72E40CDA0}.Release|Any CPU.Build.0 = Release|Any CPU
		{AF8B2AA6-744F-47CC-81C9-3B6159161F4E}.Debug|Any CPU.ActiveCfg = Debug|Any CPU
		{AF8B2AA6-744F-47CC-81C9-3B6159161F4E}.Debug|Any CPU.Build.0 = Debug|Any CPU
		{AF8B2AA6-744F-47CC-81C9-3B6159161F4E}.Release|Any CPU.ActiveCfg = Release|Any CPU
		{AF8B2AA6-744F-47CC-81C9-3B6159161F4E}.Release|Any CPU.Build.0 = Release|Any CPU
	EndGlobalSection
	GlobalSection(SolutionProperties) = preSolution
		HideSolutionNode = FALSE
	EndGlobalSection
	GlobalSection(NestedProjects) = preSolution
		{C77C1F99-7765-412D-AA65-2A6C0611096F} = {3F75CD44-EE57-4E1E-87B1-A80BED3782B0}
		{FB6F2F56-F49F-44D6-8FFD-27D43E70ED00} = {3F75CD44-EE57-4E1E-87B1-A80BED3782B0}
		{39BB5132-C1AB-4D64-AC58-31A72E40CDA0} = {5B859B06-A656-4C7D-A9C6-6AF8F6EA135C}
	EndGlobalSection
	GlobalSection(ExtensibilityGlobals) = postSolution
		SolutionGuid = {EA3EF63C-6E4F-410C-961B-AD4060DD0B03}
	EndGlobalSection
EndGlobal
